lockfileVersion: '9.0'

settings:
  autoInstallPeers: true
  excludeLinksFromLockfile: false

importers:

  .:
    devDependencies:
      '@faker-js/faker':
        specifier: ^10.0.0
        version: 10.0.0
      '@playwright/mcp':
        specifier: ^0.0.39
        version: 0.0.39
      '@playwright/test':
        specifier: ^1.55.0
        version: 1.55.0

packages:

  '@faker-js/faker@10.0.0':
    resolution: {integrity: sha512-UollFEUkVXutsaP+Vndjxar40Gs5JL2HeLcl8xO1QAjJgOdhc3OmBFWyEylS+RddWaaBiAzH+5/17PLQJwDiLw==}
    engines: {node: ^20.19.0 || ^22.13.0 || ^23.5.0 || >=24.0.0, npm: '>=10'}

  '@playwright/mcp@0.0.39':
    resolution: {integrity: sha512-InIFtJSDg+TtoEeFUCGi3bE49In725N6v2B8GEFbm373Mbt5Mv2GO2rq/XdFiVaF4+EkpfXw7zd5ACUMLJJxmA==}
    engines: {node: '>=18'}
    hasBin: true

  '@playwright/test@1.55.0':
    resolution: {integrity: sha512-04IXzPwHrW69XusN/SIdDdKZBzMfOT9UNT/YiJit/xpy2VuAoB8NHc8Aplb96zsWDddLnbkPL3TsmrS04ZU2xQ==}
    engines: {node: '>=18'}
    hasBin: true

  fsevents@2.3.2:
    resolution: {integrity: sha512-xiqMQR4xAeHTuB9uWm+fFRcIOgKBMiOBP+eXiyT7jsgVCq1bkVygt00oASowB7EdtpOHaaPgKt812P9ab+DDKA==}
    engines: {node: ^8.16.0 || ^10.6.0 || >=11.0.0}
    os: [darwin]

  playwright-core@1.55.0:
    resolution: {integrity: sha512-GvZs4vU3U5ro2nZpeiwyb0zuFaqb9sUiAJuyrWpcGouD8y9/HLgGbNRjIph7zU9D3hnPaisMl9zG9CgFi/biIg==}
    engines: {node: '>=18'}
    hasBin: true

  playwright-core@1.56.0-alpha-1758292576000:
    resolution: {integrity: sha512-qXLOCI9RhulhdvNjFglvgoyUw3N49putP8iU0uhoZ+mE3lEXAJNy/v1znCRvhjwvfsGsabO9+Xe4sfvu2GFGCw==}
    engines: {node: '>=18'}
    hasBin: true

  playwright@1.55.0:
    resolution: {integrity: sha512-sdCWStblvV1YU909Xqx0DhOjPZE4/5lJsIS84IfN9dAZfcl/CIZ5O8l3o0j7hPMjDvqoTF8ZUcc+i/GL5erstA==}
    engines: {node: '>=18'}
    hasBin: true

  playwright@1.56.0-alpha-1758292576000:
    resolution: {integrity: sha512-XRTRlArx9KgiGsboXUpJR7ZDazUPfO51t1nrQ+w883e02/IDNxcqPpQXJcFAy4nFqG925r//VR9AyseVfw1AWg==}
    engines: {node: '>=18'}
    hasBin: true

snapshots:

  '@faker-js/faker@10.0.0': {}

  '@playwright/mcp@0.0.39':
    dependencies:
      playwright: 1.56.0-alpha-1758292576000
      playwright-core: 1.56.0-alpha-1758292576000

  '@playwright/test@1.55.0':
    dependencies:
      playwright: 1.55.0

  fsevents@2.3.2:
    optional: true

  playwright-core@1.55.0: {}

  playwright-core@1.56.0-alpha-1758292576000: {}

  playwright@1.55.0:
    dependencies:
      playwright-core: 1.55.0
    optionalDependencies:
      fsevents: 2.3.2

  playwright@1.56.0-alpha-1758292576000:
    dependencies:
      playwright-core: 1.56.0-alpha-1758292576000
    optionalDependencies:
      fsevents: 2.3.2
